
Microsoft Visual Studio Solution File, Format Version 12.00
# Visual Studio Version 17
VisualStudioVersion = 17.0.31903.59
MinimumVisualStudioVersion = 10.0.40219.1
Project("{FAE04EC0-301F-11D3-BF4B-00C04F79EFBC}") = "API", "API\API.csproj", "{3AA49B93-92AF-4056-8631-5132C6BBC56B}"
EndProject
Project("{FAE04EC0-301F-11D3-BF4B-00C04F79EFBC}") = "Application", "Application\Application.csproj", "{50A2219E-B804-472C-A110-B088581A0929}"
EndProject
Project("{FAE04EC0-301F-11D3-BF4B-00C04F79EFBC}") = "Domain", "Domain\Domain.csproj", "{0665D861-0F41-4427-97D8-82E45FFF9F0D}"
EndProject
Project("{FAE04EC0-301F-11D3-BF4B-00C04F79EFBC}") = "Persistence", "Persistence\Persistence.csproj", "{EC878457-E41C-4AA8-A4B3-BBF3CB3822EA}"
EndProject
Global
	GlobalSection(SolutionConfigurationPlatforms) = preSolution
		Debug|Any CPU = Debug|Any CPU
		Release|Any CPU = Release|Any CPU
	EndGlobalSection
	GlobalSection(SolutionProperties) = preSolution
		HideSolutionNode = FALSE
	EndGlobalSection
	GlobalSection(ProjectConfigurationPlatforms) = postSolution
		{3AA49B93-92AF-4056-8631-5132C6BBC56B}.Debug|Any CPU.ActiveCfg = Debug|Any CPU
		{3AA49B93-92AF-4056-8631-5132C6BBC56B}.Debug|Any CPU.Build.0 = Debug|Any CPU
		{3AA49B93-92AF-4056-8631-5132C6BBC56B}.Release|Any CPU.ActiveCfg = Release|Any CPU
		{3AA49B93-92AF-4056-8631-5132C6BBC56B}.Release|Any CPU.Build.0 = Release|Any CPU
		{50A2219E-B804-472C-A110-B088581A0929}.Debug|Any CPU.ActiveCfg = Debug|Any CPU
		{50A2219E-B804-472C-A110-B088581A0929}.Debug|Any CPU.Build.0 = Debug|Any CPU
		{50A2219E-B804-472C-A110-B088581A0929}.Release|Any CPU.ActiveCfg = Release|Any CPU
		{50A2219E-B804-472C-A110-B088581A0929}.Release|Any CPU.Build.0 = Release|Any CPU
		{0665D861-0F41-4427-97D8-82E45FFF9F0D}.Debug|Any CPU.ActiveCfg = Debug|Any CPU
		{0665D861-0F41-4427-97D8-82E45FFF9F0D}.Debug|Any CPU.Build.0 = Debug|Any CPU
		{0665D861-0F41-4427-97D8-82E45FFF9F0D}.Release|Any CPU.ActiveCfg = Release|Any CPU
		{0665D861-0F41-4427-97D8-82E45FFF9F0D}.Release|Any CPU.Build.0 = Release|Any CPU
		{EC878457-E41C-4AA8-A4B3-BBF3CB3822EA}.Debug|Any CPU.ActiveCfg = Debug|Any CPU
		{EC878457-E41C-4AA8-A4B3-BBF3CB3822EA}.Debug|Any CPU.Build.0 = Debug|Any CPU
		{EC878457-E41C-4AA8-A4B3-BBF3CB3822EA}.Release|Any CPU.ActiveCfg = Release|Any CPU
		{EC878457-E41C-4AA8-A4B3-BBF3CB3822EA}.Release|Any CPU.Build.0 = Release|Any CPU
	EndGlobalSection
EndGlobal
